
Microsoft Visual Studio Solution File, Format Version 12.00
# Visual Studio Version 17
VisualStudioVersion = 17.2.32519.379
MinimumVisualStudioVersion = 10.0.40219.1
Project("{FAE04EC0-301F-11D3-BF4B-00C04F79EFBC}") = "DailyLogProject", "DailyLogProject\DailyLogProject.csproj", "{EA35B20B-1CBB-4B83-BEC8-8B3E68F7E4C4}"
EndProject
Global
	GlobalSection(SolutionConfigurationPlatforms) = preSolution
		Debug|Any CPU = Debug|Any CPU
		Release|Any CPU = Release|Any CPU
	EndGlobalSection
	GlobalSection(ProjectConfigurationPlatforms) = postSolution
		{EA35B20B-1CBB-4B83-BEC8-8B3E68F7E4C4}.Debug|Any CPU.ActiveCfg = Debug|Any CPU
		{EA35B20B-1CBB-4B83-BEC8-8B3E68F7E4C4}.Debug|Any CPU.Build.0 = Debug|Any CPU
		{EA35B20B-1CBB-4B83-BEC8-8B3E68F7E4C4}.Release|Any CPU.ActiveCfg = Release|Any CPU
		{EA35B20B-1CBB-4B83-BEC8-8B3E68F7E4C4}.Release|Any CPU.Build.0 = Release|Any CPU
	EndGlobalSection
	GlobalSection(SolutionProperties) = preSolution
		HideSolutionNode = FALSE
	EndGlobalSection
	GlobalSection(ExtensibilityGlobals) = postSolution
		SolutionGuid = {0FC81E74-062A-4FF7-A82E-730DF1B120BB}
	EndGlobalSection
EndGlobal
